
Microsoft Visual Studio Solution File, Format Version 12.00
# Visual Studio Version 17
VisualStudioVersion = 17.4.33213.308
MinimumVisualStudioVersion = 10.0.40219.1
Project("{FAE04EC0-301F-11D3-BF4B-00C04F79EFBC}") = "Zesty File Manager", "Zesty File Manager\Zesty File Manager.csproj", "{1AA1D366-10AD-4E3D-A897-BD6D7C7575DC}"
EndProject
Global
	GlobalSection(SolutionConfigurationPlatforms) = preSolution
		Debug|Any CPU = Debug|Any CPU
		Release|Any CPU = Release|Any CPU
	EndGlobalSection
	GlobalSection(ProjectConfigurationPlatforms) = postSolution
		{1AA1D366-10AD-4E3D-A897-BD6D7C7575DC}.Debug|Any CPU.ActiveCfg = Debug|Any CPU
		{1AA1D366-10AD-4E3D-A897-BD6D7C7575DC}.Debug|Any CPU.Build.0 = Debug|Any CPU
		{1AA1D366-10AD-4E3D-A897-BD6D7C7575DC}.Release|Any CPU.ActiveCfg = Release|Any CPU
		{1AA1D366-10AD-4E3D-A897-BD6D7C7575DC}.Release|Any CPU.Build.0 = Release|Any CPU
	EndGlobalSection
	GlobalSection(SolutionProperties) = preSolution
		HideSolutionNode = FALSE
	EndGlobalSection
	GlobalSection(ExtensibilityGlobals) = postSolution
		SolutionGuid = {8E8E4E9F-B613-4F7C-AE04-61F6F61EA67C}
	EndGlobalSection
EndGlobal
